
Microsoft Visual Studio Solution File, Format Version 12.00
# Visual Studio Version 17
VisualStudioVersion = 17.0.31825.309
MinimumVisualStudioVersion = 10.0.40219.1
Project("{2150E333-8FDC-42A3-9474-1A3956D46DE8}") = "Domain", "Domain", "{27CE55E3-6B55-4791-A634-C425E6DEDB40}"
EndProject
Project("{2150E333-8FDC-42A3-9474-1A3956D46DE8}") = "Infrastructure.Bus", "Infrastructure.Bus", "{CF3303E7-F154-4666-AD4B-D9C415AE3600}"
EndProject
Project("{2150E333-8FDC-42A3-9474-1A3956D46DE8}") = "Infrastructure.IoC", "Infrastructure.IoC", "{DE0848EA-2B90-4F3F-99BE-A7A3D9141F9C}"
EndProject
Project("{2150E333-8FDC-42A3-9474-1A3956D46DE8}") = "Microservices", "Microservices", "{AB604519-DA54-4323-A63C-624D56E5E55A}"
EndProject
Project("{2150E333-8FDC-42A3-9474-1A3956D46DE8}") = "Presentation", "Presentation", "{BA62E089-ADC3-4301-9E8A-FF9BEA614AAF}"
EndProject
Project("{9A19103F-16F7-4668-BE54-9A1E7A4F7556}") = "MicroservicesWithRabbitMQ.Domain.Core", "MicroservicesWithRabbitMQ.Domain.Core\MicroservicesWithRabbitMQ.Domain.Core.csproj", "{179BFD07-2A6F-40AC-A5C8-C435AFDEC270}"
EndProject
Project("{9A19103F-16F7-4668-BE54-9A1E7A4F7556}") = "MicroservicesWithRabbitMQ.Infrastructure.Bus", "MicroservicesWithRabbitMQ.Infrastructure.Bus\MicroservicesWithRabbitMQ.Infrastructure.Bus.csproj", "{59865DAE-8F8A-4B1B-9DDE-8A84AED5875D}"
EndProject
Project("{9A19103F-16F7-4668-BE54-9A1E7A4F7556}") = "MicroservicesWithRabbitMQ.Infrastructure.IoC", "MicroservicesWithRabbitMQ.Infrastructure.IoC\MicroservicesWithRabbitMQ.Infrastructure.IoC.csproj", "{17129645-BA59-48BD-B888-2401652BCC64}"
EndProject
Project("{2150E333-8FDC-42A3-9474-1A3956D46DE8}") = "Banking", "Banking", "{C3E07C9B-8133-4361-B370-87783B5D5923}"
EndProject
Project("{2150E333-8FDC-42A3-9474-1A3956D46DE8}") = "Api", "Api", "{A1F4B0FE-047F-427F-8616-3F819E0C5580}"
EndProject
Project("{2150E333-8FDC-42A3-9474-1A3956D46DE8}") = "Domain", "Domain", "{A35FE44C-1E2F-4D5E-8FF1-3AFE5F3F0D4A}"
EndProject
Project("{2150E333-8FDC-42A3-9474-1A3956D46DE8}") = "Application", "Application", "{FF1633F4-FFA3-4774-81AE-73EF93A72190}"
EndProject
Project("{2150E333-8FDC-42A3-9474-1A3956D46DE8}") = "Data", "Data", "{2F5080F1-946F-46FC-86E5-E435C0574230}"
EndProject
Project("{FAE04EC0-301F-11D3-BF4B-00C04F79EFBC}") = "MicroservicesWithRabbitMQ.Banking.Api", "MicroservicesWithRabbitMQ.Banking.Api\MicroservicesWithRabbitMQ.Banking.Api.csproj", "{809B1DBC-6109-4DB4-9201-4CB6E1DAE7E4}"
EndProject
Project("{FAE04EC0-301F-11D3-BF4B-00C04F79EFBC}") = "MicroservicesWithRabbitMQ.Banking.Application", "MicroservicesWithRabbitMQ.Banking.Application\MicroservicesWithRabbitMQ.Banking.Application.csproj", "{AF086932-8F00-49E4-AF07-6E91AD689DC1}"
EndProject
Project("{FAE04EC0-301F-11D3-BF4B-00C04F79EFBC}") = "MicroservicesWithRabbitMQ.Banking.Data", "MicroservicesWithRabbitMQ.Banking.Data\MicroservicesWithRabbitMQ.Banking.Data.csproj", "{ED7F283A-DF64-48E0-BFD8-BC0D849EB843}"
EndProject
Project("{FAE04EC0-301F-11D3-BF4B-00C04F79EFBC}") = "MicroservicesWithRabbitMQ.Banking.Domain", "MicroservicesWithRabbitMQ.Banking.Domain\MicroservicesWithRabbitMQ.Banking.Domain.csproj", "{B714C792-8D67-4751-A36C-E1886EFE6593}"
EndProject
Project("{2150E333-8FDC-42A3-9474-1A3956D46DE8}") = "Transfer", "Transfer", "{3F5FD5A6-5136-46FB-A2E7-155D01C97F49}"
EndProject
Project("{2150E333-8FDC-42A3-9474-1A3956D46DE8}") = "Api", "Api", "{D8AEA4E5-92E4-470B-BA12-8B0ED057DCDB}"
EndProject
Project("{2150E333-8FDC-42A3-9474-1A3956D46DE8}") = "Application", "Application", "{A3AFCB35-0F4E-4086-B4AB-54AD92B3B321}"
EndProject
Project("{2150E333-8FDC-42A3-9474-1A3956D46DE8}") = "Domain", "Domain", "{FA70E54A-1715-4825-8F3C-491973960E56}"
EndProject
Project("{2150E333-8FDC-42A3-9474-1A3956D46DE8}") = "Data", "Data", "{9C6DFB61-5B15-4892-AEDE-F53E4C57EFD3}"
EndProject
Project("{FAE04EC0-301F-11D3-BF4B-00C04F79EFBC}") = "MicroservicesWithRabbitMQ.Transfer.Api", "MicroservicesWithRabbitMQ.Transfer.Api\MicroservicesWithRabbitMQ.Transfer.Api.csproj", "{BD04F8A2-C7C6-47EE-BF22-5600CB5EFEEF}"
EndProject
Project("{FAE04EC0-301F-11D3-BF4B-00C04F79EFBC}") = "MicroservicesWithRabbitMQ.Transfer.Application", "MicroservicesWithRabbitMQ.Transfer.Application\MicroservicesWithRabbitMQ.Transfer.Application.csproj", "{EA8BF86F-B225-4DE0-95A3-E623274EFF95}"
EndProject
Project("{FAE04EC0-301F-11D3-BF4B-00C04F79EFBC}") = "MicroservicesWithRabbitMQ.Transfer.Domain", "MicroservicesWithRabbitMQ.Transfer.Domain\MicroservicesWithRabbitMQ.Transfer.Domain.csproj", "{2FA812A5-B3AE-4B72-9584-110718713D4C}"
EndProject
Project("{FAE04EC0-301F-11D3-BF4B-00C04F79EFBC}") = "MicroservicesWithRabbitMQ.Transfer.Data", "MicroservicesWithRabbitMQ.Transfer.Data\MicroservicesWithRabbitMQ.Transfer.Data.csproj", "{3F1F63AF-9C81-48FB-8A8E-6DFE0AC3A1FB}"
EndProject
Global
	GlobalSection(SolutionConfigurationPlatforms) = preSolution
		Debug|Any CPU = Debug|Any CPU
		Release|Any CPU = Release|Any CPU
	EndGlobalSection
	GlobalSection(ProjectConfigurationPlatforms) = postSolution
		{179BFD07-2A6F-40AC-A5C8-C435AFDEC270}.Debug|Any CPU.ActiveCfg = Debug|Any CPU
		{179BFD07-2A6F-40AC-A5C8-C435AFDEC270}.Debug|Any CPU.Build.0 = Debug|Any CPU
		{179BFD07-2A6F-40AC-A5C8-C435AFDEC270}.Release|Any CPU.ActiveCfg = Release|Any CPU
		{179BFD07-2A6F-40AC-A5C8-C435AFDEC270}.Release|Any CPU.Build.0 = Release|Any CPU
		{59865DAE-8F8A-4B1B-9DDE-8A84AED5875D}.Debug|Any CPU.ActiveCfg = Debug|Any CPU
		{59865DAE-8F8A-4B1B-9DDE-8A84AED5875D}.Debug|Any CPU.Build.0 = Debug|Any CPU
		{59865DAE-8F8A-4B1B-9DDE-8A84AED5875D}.Release|Any CPU.ActiveCfg = Release|Any CPU
		{59865DAE-8F8A-4B1B-9DDE-8A84AED5875D}.Release|Any CPU.Build.0 = Release|Any CPU
		{17129645-BA59-48BD-B888-2401652BCC64}.Debug|Any CPU.ActiveCfg = Debug|Any CPU
		{17129645-BA59-48BD-B888-2401652BCC64}.Debug|Any CPU.Build.0 = Debug|Any CPU
		{17129645-BA59-48BD-B888-2401652BCC64}.Release|Any CPU.ActiveCfg = Release|Any CPU
		{17129645-BA59-48BD-B888-2401652BCC64}.Release|Any CPU.Build.0 = Release|Any CPU
		{809B1DBC-6109-4DB4-9201-4CB6E1DAE7E4}.Debug|Any CPU.ActiveCfg = Debug|Any CPU
		{809B1DBC-6109-4DB4-9201-4CB6E1DAE7E4}.Debug|Any CPU.Build.0 = Debug|Any CPU
		{809B1DBC-6109-4DB4-9201-4CB6E1DAE7E4}.Release|Any CPU.ActiveCfg = Release|Any CPU
		{809B1DBC-6109-4DB4-9201-4CB6E1DAE7E4}.Release|Any CPU.Build.0 = Release|Any CPU
		{AF086932-8F00-49E4-AF07-6E91AD689DC1}.Debug|Any CPU.ActiveCfg = Debug|Any CPU
		{AF086932-8F00-49E4-AF07-6E91AD689DC1}.Debug|Any CPU.Build.0 = Debug|Any CPU
		{AF086932-8F00-49E4-AF07-6E91AD689DC1}.Release|Any CPU.ActiveCfg = Release|Any CPU
		{AF086932-8F00-49E4-AF07-6E91AD689DC1}.Release|Any CPU.Build.0 = Release|Any CPU
		{ED7F283A-DF64-48E0-BFD8-BC0D849EB843}.Debug|Any CPU.ActiveCfg = Debug|Any CPU
		{ED7F283A-DF64-48E0-BFD8-BC0D849EB843}.Debug|Any CPU.Build.0 = Debug|Any CPU
		{ED7F283A-DF64-48E0-BFD8-BC0D849EB843}.Release|Any CPU.ActiveCfg = Release|Any CPU
		{ED7F283A-DF64-48E0-BFD8-BC0D849EB843}.Release|Any CPU.Build.0 = Release|Any CPU
		{B714C792-8D67-4751-A36C-E1886EFE6593}.Debug|Any CPU.ActiveCfg = Debug|Any CPU
		{B714C792-8D67-4751-A36C-E1886EFE6593}.Debug|Any CPU.Build.0 = Debug|Any CPU
		{B714C792-8D67-4751-A36C-E1886EFE6593}.Release|Any CPU.ActiveCfg = Release|Any CPU
		{B714C792-8D67-4751-A36C-E1886EFE6593}.Release|Any CPU.Build.0 = Release|Any CPU
		{BD04F8A2-C7C6-47EE-BF22-5600CB5EFEEF}.Debug|Any CPU.ActiveCfg = Debug|Any CPU
		{BD04F8A2-C7C6-47EE-BF22-5600CB5EFEEF}.Debug|Any CPU.Build.0 = Debug|Any CPU
		{BD04F8A2-C7C6-47EE-BF22-5600CB5EFEEF}.Release|Any CPU.ActiveCfg = Release|Any CPU
		{BD04F8A2-C7C6-47EE-BF22-5600CB5EFEEF}.Release|Any CPU.Build.0 = Release|Any CPU
		{EA8BF86F-B225-4DE0-95A3-E623274EFF95}.Debug|Any CPU.ActiveCfg = Debug|Any CPU
		{EA8BF86F-B225-4DE0-95A3-E623274EFF95}.Debug|Any CPU.Build.0 = Debug|Any CPU
		{EA8BF86F-B225-4DE0-95A3-E623274EFF95}.Release|Any CPU.ActiveCfg = Release|Any CPU
		{EA8BF86F-B225-4DE0-95A3-E623274EFF95}.Release|Any CPU.Build.0 = Release|Any CPU
		{2FA812A5-B3AE-4B72-9584-110718713D4C}.Debug|Any CPU.ActiveCfg = Debug|Any CPU
		{2FA812A5-B3AE-4B72-9584-110718713D4C}.Debug|Any CPU.Build.0 = Debug|Any CPU
		{2FA812A5-B3AE-4B72-9584-110718713D4C}.Release|Any CPU.ActiveCfg = Release|Any CPU
		{2FA812A5-B3AE-4B72-9584-110718713D4C}.Release|Any CPU.Build.0 = Release|Any CPU
		{3F1F63AF-9C81-48FB-8A8E-6DFE0AC3A1FB}.Debug|Any CPU.ActiveCfg = Debug|Any CPU
		{3F1F63AF-9C81-48FB-8A8E-6DFE0AC3A1FB}.Debug|Any CPU.Build.0 = Debug|Any CPU
		{3F1F63AF-9C81-48FB-8A8E-6DFE0AC3A1FB}.Release|Any CPU.ActiveCfg = Release|Any CPU
		{3F1F63AF-9C81-48FB-8A8E-6DFE0AC3A1FB}.Release|Any CPU.Build.0 = Release|Any CPU
	EndGlobalSection
	GlobalSection(SolutionProperties) = preSolution
		HideSolutionNode = FALSE
	EndGlobalSection
	GlobalSection(NestedProjects) = preSolution
		{179BFD07-2A6F-40AC-A5C8-C435AFDEC270} = {27CE55E3-6B55-4791-A634-C425E6DEDB40}
		{59865DAE-8F8A-4B1B-9DDE-8A84AED5875D} = {CF3303E7-F154-4666-AD4B-D9C415AE3600}
		{17129645-BA59-48BD-B888-2401652BCC64} = {DE0848EA-2B90-4F3F-99BE-A7A3D9141F9C}
		{C3E07C9B-8133-4361-B370-87783B5D5923} = {AB604519-DA54-4323-A63C-624D56E5E55A}
		{A1F4B0FE-047F-427F-8616-3F819E0C5580} = {C3E07C9B-8133-4361-B370-87783B5D5923}
		{A35FE44C-1E2F-4D5E-8FF1-3AFE5F3F0D4A} = {C3E07C9B-8133-4361-B370-87783B5D5923}
		{FF1633F4-FFA3-4774-81AE-73EF93A72190} = {C3E07C9B-8133-4361-B370-87783B5D5923}
		{2F5080F1-946F-46FC-86E5-E435C0574230} = {C3E07C9B-8133-4361-B370-87783B5D5923}
		{809B1DBC-6109-4DB4-9201-4CB6E1DAE7E4} = {A1F4B0FE-047F-427F-8616-3F819E0C5580}
		{AF086932-8F00-49E4-AF07-6E91AD689DC1} = {FF1633F4-FFA3-4774-81AE-73EF93A72190}
		{ED7F283A-DF64-48E0-BFD8-BC0D849EB843} = {2F5080F1-946F-46FC-86E5-E435C0574230}
		{B714C792-8D67-4751-A36C-E1886EFE6593} = {A35FE44C-1E2F-4D5E-8FF1-3AFE5F3F0D4A}
		{3F5FD5A6-5136-46FB-A2E7-155D01C97F49} = {AB604519-DA54-4323-A63C-624D56E5E55A}
		{D8AEA4E5-92E4-470B-BA12-8B0ED057DCDB} = {3F5FD5A6-5136-46FB-A2E7-155D01C97F49}
		{A3AFCB35-0F4E-4086-B4AB-54AD92B3B321} = {3F5FD5A6-5136-46FB-A2E7-155D01C97F49}
		{FA70E54A-1715-4825-8F3C-491973960E56} = {3F5FD5A6-5136-46FB-A2E7-155D01C97F49}
		{9C6DFB61-5B15-4892-AEDE-F53E4C57EFD3} = {3F5FD5A6-5136-46FB-A2E7-155D01C97F49}
		{BD04F8A2-C7C6-47EE-BF22-5600CB5EFEEF} = {D8AEA4E5-92E4-470B-BA12-8B0ED057DCDB}
		{EA8BF86F-B225-4DE0-95A3-E623274EFF95} = {A3AFCB35-0F4E-4086-B4AB-54AD92B3B321}
		{2FA812A5-B3AE-4B72-9584-110718713D4C} = {FA70E54A-1715-4825-8F3C-491973960E56}
		{3F1F63AF-9C81-48FB-8A8E-6DFE0AC3A1FB} = {9C6DFB61-5B15-4892-AEDE-F53E4C57EFD3}
	EndGlobalSection
	GlobalSection(ExtensibilityGlobals) = postSolution
		SolutionGuid = {47FDC3AE-AB14-4C77-9359-8B168CDB43F2}
	EndGlobalSection
EndGlobal
